// !$*UTF8*$!
{
	archiveVersion = 1;
	classes = {
	};
	objectVersion = 50;
	objects = {

/* Begin PBXBuildFile section */
		184473E52290B7960084F3F4 /* AppDelegate.swift in Sources */ = {isa = PBXBuildFile; fileRef = 184473E42290B7960084F3F4 /* AppDelegate.swift */; };
		184473E72290B7960084F3F4 /* ViewController.swift in Sources */ = {isa = PBXBuildFile; fileRef = 184473E62290B7960084F3F4 /* ViewController.swift */; };
		184473EA2290B7960084F3F4 /* Main.storyboard in Resources */ = {isa = PBXBuildFile; fileRef = 184473E82290B7960084F3F4 /* Main.storyboard */; };
		184473EC2290B7990084F3F4 /* Assets.xcassets in Resources */ = {isa = PBXBuildFile; fileRef = 184473EB2290B7990084F3F4 /* Assets.xcassets */; };
		184473EF2290B7990084F3F4 /* LaunchScreen.storyboard in Resources */ = {isa = PBXBuildFile; fileRef = 184473ED2290B7990084F3F4 /* LaunchScreen.storyboard */; };
		184473FA2290B79A0084F3F4 /* KgToStonesTests.swift in Sources */ = {isa = PBXBuildFile; fileRef = 184473F92290B79A0084F3F4 /* KgToStonesTests.swift */; };
		184474052290B79A0084F3F4 /* KgToStonesUITests.swift in Sources */ = {isa = PBXBuildFile; fileRef = 184474042290B79A0084F3F4 /* KgToStonesUITests.swift */; };
		184474142290C0760084F3F4 /* ConvertWS.swift in Sources */ = {isa = PBXBuildFile; fileRef = 184474132290C0760084F3F4 /* ConvertWS.swift */; };
		184474182293641D0084F3F4 /* LoadingOverlay.swift in Sources */ = {isa = PBXBuildFile; fileRef = 184474172293641D0084F3F4 /* LoadingOverlay.swift */; };
		1844741A2293645B0084F3F4 /* Extensions.swift in Sources */ = {isa = PBXBuildFile; fileRef = 184474192293645B0084F3F4 /* Extensions.swift */; };
		202E533A66517AB6AB081EFA /* Pods_KgToStones.framework in Frameworks */ = {isa = PBXBuildFile; fileRef = 565ABB57806090DCEF5F7365 /* Pods_KgToStones.framework */; };
		5DD3C24FFCBD516F78C1A87C /* Pods_KgToStonesTests.framework in Frameworks */ = {isa = PBXBuildFile; fileRef = 63581498154A51AC18A8E947 /* Pods_KgToStonesTests.framework */; };
		B2CB013D751D359752D5350B /* Pods_KgToStonesUITests.framework in Frameworks */ = {isa = PBXBuildFile; fileRef = 170D7E85B5BA8FC93876C5D8 /* Pods_KgToStonesUITests.framework */; };
/* End PBXBuildFile section */

/* Begin PBXContainerItemProxy section */
		184473F62290B79A0084F3F4 /* PBXContainerItemProxy */ = {
			isa = PBXContainerItemProxy;
			containerPortal = 184473D92290B7960084F3F4 /* Project object */;
			proxyType = 1;
			remoteGlobalIDString = 184473E02290B7960084F3F4;
			remoteInfo = KgToStones;
		};
		184474012290B79A0084F3F4 /* PBXContainerItemProxy */ = {
			isa = PBXContainerItemProxy;
			containerPortal = 184473D92290B7960084F3F4 /* Project object */;
			proxyType = 1;
			remoteGlobalIDString = 184473E02290B7960084F3F4;
			remoteInfo = KgToStones;
		};
/* End PBXContainerItemProxy section */

/* Begin PBXFileReference section */
		073F26F4189E31A248CE2CCF /* Pods-KgToStonesUITests.release.xcconfig */ = {isa = PBXFileReference; includeInIndex = 1; lastKnownFileType = text.xcconfig; name = "Pods-KgToStonesUITests.release.xcconfig"; path = "Target Support Files/Pods-KgToStonesUITests/Pods-KgToStonesUITests.release.xcconfig"; sourceTree = "<group>"; };
		170D7E85B5BA8FC93876C5D8 /* Pods_KgToStonesUITests.framework */ = {isa = PBXFileReference; explicitFileType = wrapper.framework; includeInIndex = 0; path = Pods_KgToStonesUITests.framework; sourceTree = BUILT_PRODUCTS_DIR; };
		184473E12290B7960084F3F4 /* KgToStones.app */ = {isa = PBXFileReference; explicitFileType = wrapper.application; includeInIndex = 0; path = KgToStones.app; sourceTree = BUILT_PRODUCTS_DIR; };
		184473E42290B7960084F3F4 /* AppDelegate.swift */ = {isa = PBXFileReference; lastKnownFileType = sourcecode.swift; path = AppDelegate.swift; sourceTree = "<group>"; };
		184473E62290B7960084F3F4 /* ViewController.swift */ = {isa = PBXFileReference; lastKnownFileType = sourcecode.swift; path = ViewController.swift; sourceTree = "<group>"; };
		184473E92290B7960084F3F4 /* Base */ = {isa = PBXFileReference; lastKnownFileType = file.storyboard; name = Base; path = Base.lproj/Main.storyboard; sourceTree = "<group>"; };
		184473EB2290B7990084F3F4 /* Assets.xcassets */ = {isa = PBXFileReference; lastKnownFileType = folder.assetcatalog; path = Assets.xcassets; sourceTree = "<group>"; };
		184473EE2290B7990084F3F4 /* Base */ = {isa = PBXFileReference; lastKnownFileType = file.storyboard; name = Base; path = Base.lproj/LaunchScreen.storyboard; sourceTree = "<group>"; };
		184473F02290B7990084F3F4 /* Info.plist */ = {isa = PBXFileReference; lastKnownFileType = text.plist.xml; path = Info.plist; sourceTree = "<group>"; };
		184473F52290B79A0084F3F4 /* KgToStonesTests.xctest */ = {isa = PBXFileReference; explicitFileType = wrapper.cfbundle; includeInIndex = 0; path = KgToStonesTests.xctest; sourceTree = BUILT_PRODUCTS_DIR; };
		184473F92290B79A0084F3F4 /* KgToStonesTests.swift */ = {isa = PBXFileReference; lastKnownFileType = sourcecode.swift; path = KgToStonesTests.swift; sourceTree = "<group>"; };
		184473FB2290B79A0084F3F4 /* Info.plist */ = {isa = PBXFileReference; lastKnownFileType = text.plist.xml; path = Info.plist; sourceTree = "<group>"; };
		184474002290B79A0084F3F4 /* KgToStonesUITests.xctest */ = {isa = PBXFileReference; explicitFileType = wrapper.cfbundle; includeInIndex = 0; path = KgToStonesUITests.xctest; sourceTree = BUILT_PRODUCTS_DIR; };
		184474042290B79A0084F3F4 /* KgToStonesUITests.swift */ = {isa = PBXFileReference; lastKnownFileType = sourcecode.swift; path = KgToStonesUITests.swift; sourceTree = "<group>"; };
		184474062290B79A0084F3F4 /* Info.plist */ = {isa = PBXFileReference; lastKnownFileType = text.plist.xml; path = Info.plist; sourceTree = "<group>"; };
		184474132290C0760084F3F4 /* ConvertWS.swift */ = {isa = PBXFileReference; lastKnownFileType = sourcecode.swift; path = ConvertWS.swift; sourceTree = "<group>"; };
		184474172293641D0084F3F4 /* LoadingOverlay.swift */ = {isa = PBXFileReference; lastKnownFileType = sourcecode.swift; path = LoadingOverlay.swift; sourceTree = "<group>"; };
		184474192293645B0084F3F4 /* Extensions.swift */ = {isa = PBXFileReference; lastKnownFileType = sourcecode.swift; path = Extensions.swift; sourceTree = "<group>"; };
		246DEDDC55A354973443B00B /* Pods-KgToStones.debug.xcconfig */ = {isa = PBXFileReference; includeInIndex = 1; lastKnownFileType = text.xcconfig; name = "Pods-KgToStones.debug.xcconfig"; path = "Target Support Files/Pods-KgToStones/Pods-KgToStones.debug.xcconfig"; sourceTree = "<group>"; };
		2F54F796F6C839B06200F9C4 /* Pods-KgToStonesTests.release.xcconfig */ = {isa = PBXFileReference; includeInIndex = 1; lastKnownFileType = text.xcconfig; name = "Pods-KgToStonesTests.release.xcconfig"; path = "Target Support Files/Pods-KgToStonesTests/Pods-KgToStonesTests.release.xcconfig"; sourceTree = "<group>"; };
		47B44677268FD225A66BA127 /* Pods-KgToStonesUITests.debug.xcconfig */ = {isa = PBXFileReference; includeInIndex = 1; lastKnownFileType = text.xcconfig; name = "Pods-KgToStonesUITests.debug.xcconfig"; path = "Target Support Files/Pods-KgToStonesUITests/Pods-KgToStonesUITests.debug.xcconfig"; sourceTree = "<group>"; };
		47D3F6922AE21A463C1D5A4C /* Pods-KgToStonesTests.debug.xcconfig */ = {isa = PBXFileReference; includeInIndex = 1; lastKnownFileType = text.xcconfig; name = "Pods-KgToStonesTests.debug.xcconfig"; path = "Target Support Files/Pods-KgToStonesTests/Pods-KgToStonesTests.debug.xcconfig"; sourceTree = "<group>"; };
		565ABB57806090DCEF5F7365 /* Pods_KgToStones.framework */ = {isa = PBXFileReference; explicitFileType = wrapper.framework; includeInIndex = 0; path = Pods_KgToStones.framework; sourceTree = BUILT_PRODUCTS_DIR; };
		63581498154A51AC18A8E947 /* Pods_KgToStonesTests.framework */ = {isa = PBXFileReference; explicitFileType = wrapper.framework; includeInIndex = 0; path = Pods_KgToStonesTests.framework; sourceTree = BUILT_PRODUCTS_DIR; };
		9C88DC82532568C1685EAFC1 /* Pods-KgToStones.release.xcconfig */ = {isa = PBXFileReference; includeInIndex = 1; lastKnownFileType = text.xcconfig; name = "Pods-KgToStones.release.xcconfig"; path = "Target Support Files/Pods-KgToStones/Pods-KgToStones.release.xcconfig"; sourceTree = "<group>"; };
/* End PBXFileReference section */

/* Begin PBXFrameworksBuildPhase section */
		184473DE2290B7960084F3F4 /* Frameworks */ = {
			isa = PBXFrameworksBuildPhase;
			buildActionMask = 2147483647;
			files = (
				202E533A66517AB6AB081EFA /* Pods_KgToStones.framework in Frameworks */,
			);
			runOnlyForDeploymentPostprocessing = 0;
		};
		184473F22290B79A0084F3F4 /* Frameworks */ = {
			isa = PBXFrameworksBuildPhase;
			buildActionMask = 2147483647;
			files = (
				5DD3C24FFCBD516F78C1A87C /* Pods_KgToStonesTests.framework in Frameworks */,
			);
			runOnlyForDeploymentPostprocessing = 0;
		};
		184473FD2290B79A0084F3F4 /* Frameworks */ = {
			isa = PBXFrameworksBuildPhase;
			buildActionMask = 2147483647;
			files = (
				B2CB013D751D359752D5350B /* Pods_KgToStonesUITests.framework in Frameworks */,
			);
			runOnlyForDeploymentPostprocessing = 0;
		};
/* End PBXFrameworksBuildPhase section */

/* Begin PBXGroup section */
		184473D82290B7960084F3F4 = {
			isa = PBXGroup;
			children = (
				18447416229364060084F3F4 /* Utilities */,
				18447415229363FF0084F3F4 /* Extensions */,
				184474122290C04C0084F3F4 /* WS */,
				184473E32290B7960084F3F4 /* KgToStones */,
				184473F82290B79A0084F3F4 /* KgToStonesTests */,
				184474032290B79A0084F3F4 /* KgToStonesUITests */,
				184473E22290B7960084F3F4 /* Products */,
				2A63114232E92DA745E12754 /* Pods */,
				83F5AE2533C9FE7260147269 /* Frameworks */,
			);
			sourceTree = "<group>";
		};
		184473E22290B7960084F3F4 /* Products */ = {
			isa = PBXGroup;
			children = (
				184473E12290B7960084F3F4 /* KgToStones.app */,
				184473F52290B79A0084F3F4 /* KgToStonesTests.xctest */,
				184474002290B79A0084F3F4 /* KgToStonesUITests.xctest */,
			);
			name = Products;
			sourceTree = "<group>";
		};
		184473E32290B7960084F3F4 /* KgToStones */ = {
			isa = PBXGroup;
			children = (
				184473E42290B7960084F3F4 /* AppDelegate.swift */,
				184473E62290B7960084F3F4 /* ViewController.swift */,
				184473E82290B7960084F3F4 /* Main.storyboard */,
				184473EB2290B7990084F3F4 /* Assets.xcassets */,
				184473ED2290B7990084F3F4 /* LaunchScreen.storyboard */,
				184473F02290B7990084F3F4 /* Info.plist */,
			);
			path = KgToStones;
			sourceTree = "<group>";
		};
		184473F82290B79A0084F3F4 /* KgToStonesTests */ = {
			isa = PBXGroup;
			children = (
				184473F92290B79A0084F3F4 /* KgToStonesTests.swift */,
				184473FB2290B79A0084F3F4 /* Info.plist */,
			);
			path = KgToStonesTests;
			sourceTree = "<group>";
		};
		184474032290B79A0084F3F4 /* KgToStonesUITests */ = {
			isa = PBXGroup;
			children = (
				184474042290B79A0084F3F4 /* KgToStonesUITests.swift */,
				184474062290B79A0084F3F4 /* Info.plist */,
			);
			path = KgToStonesUITests;
			sourceTree = "<group>";
		};
		184474122290C04C0084F3F4 /* WS */ = {
			isa = PBXGroup;
			children = (
				184474132290C0760084F3F4 /* ConvertWS.swift */,
			);
			path = WS;
			sourceTree = "<group>";
		};
		18447415229363FF0084F3F4 /* Extensions */ = {
			isa = PBXGroup;
			children = (
				184474192293645B0084F3F4 /* Extensions.swift */,
			);
			path = Extensions;
			sourceTree = "<group>";
		};
		18447416229364060084F3F4 /* Utilities */ = {
			isa = PBXGroup;
			children = (
				184474172293641D0084F3F4 /* LoadingOverlay.swift */,
			);
			path = Utilities;
			sourceTree = "<group>";
		};
		2A63114232E92DA745E12754 /* Pods */ = {
			isa = PBXGroup;
			children = (
				246DEDDC55A354973443B00B /* Pods-KgToStones.debug.xcconfig */,
				9C88DC82532568C1685EAFC1 /* Pods-KgToStones.release.xcconfig */,
				47D3F6922AE21A463C1D5A4C /* Pods-KgToStonesTests.debug.xcconfig */,
				2F54F796F6C839B06200F9C4 /* Pods-KgToStonesTests.release.xcconfig */,
				47B44677268FD225A66BA127 /* Pods-KgToStonesUITests.debug.xcconfig */,
				073F26F4189E31A248CE2CCF /* Pods-KgToStonesUITests.release.xcconfig */,
			);
			path = Pods;
			sourceTree = "<group>";
		};
		83F5AE2533C9FE7260147269 /* Frameworks */ = {
			isa = PBXGroup;
			children = (
				565ABB57806090DCEF5F7365 /* Pods_KgToStones.framework */,
				63581498154A51AC18A8E947 /* Pods_KgToStonesTests.framework */,
				170D7E85B5BA8FC93876C5D8 /* Pods_KgToStonesUITests.framework */,
			);
			name = Frameworks;
			sourceTree = "<group>";
		};
/* End PBXGroup section */

/* Begin PBXNativeTarget section */
		184473E02290B7960084F3F4 /* KgToStones */ = {
			isa = PBXNativeTarget;
			buildConfigurationList = 184474092290B79A0084F3F4 /* Build configuration list for PBXNativeTarget "KgToStones" */;
			buildPhases = (
				1EA90DCC0680A6617D7A8A97 /* [CP] Check Pods Manifest.lock */,
				184473DD2290B7960084F3F4 /* Sources */,
				184473DE2290B7960084F3F4 /* Frameworks */,
				184473DF2290B7960084F3F4 /* Resources */,
				606E10E7EC6812652288A499 /* [CP] Embed Pods Frameworks */,
			);
			buildRules = (
			);
			dependencies = (
			);
			name = KgToStones;
			productName = KgToStones;
			productReference = 184473E12290B7960084F3F4 /* KgToStones.app */;
			productType = "com.apple.product-type.application";
		};
		184473F42290B79A0084F3F4 /* KgToStonesTests */ = {
			isa = PBXNativeTarget;
			buildConfigurationList = 1844740C2290B79A0084F3F4 /* Build configuration list for PBXNativeTarget "KgToStonesTests" */;
			buildPhases = (
				B8CC0096AD95F306F24073B9 /* [CP] Check Pods Manifest.lock */,
				184473F12290B79A0084F3F4 /* Sources */,
				184473F22290B79A0084F3F4 /* Frameworks */,
				184473F32290B79A0084F3F4 /* Resources */,
			);
			buildRules = (
			);
			dependencies = (
				184473F72290B79A0084F3F4 /* PBXTargetDependency */,
			);
			name = KgToStonesTests;
			productName = KgToStonesTests;
			productReference = 184473F52290B79A0084F3F4 /* KgToStonesTests.xctest */;
			productType = "com.apple.product-type.bundle.unit-test";
		};
		184473FF2290B79A0084F3F4 /* KgToStonesUITests */ = {
			isa = PBXNativeTarget;
			buildConfigurationList = 1844740F2290B79A0084F3F4 /* Build configuration list for PBXNativeTarget "KgToStonesUITests" */;
			buildPhases = (
				905EB40C2A3D97797631C0F7 /* [CP] Check Pods Manifest.lock */,
				184473FC2290B79A0084F3F4 /* Sources */,
				184473FD2290B79A0084F3F4 /* Frameworks */,
				184473FE2290B79A0084F3F4 /* Resources */,
			);
			buildRules = (
			);
			dependencies = (
				184474022290B79A0084F3F4 /* PBXTargetDependency */,
			);
			name = KgToStonesUITests;
			productName = KgToStonesUITests;
			productReference = 184474002290B79A0084F3F4 /* KgToStonesUITests.xctest */;
			productType = "com.apple.product-type.bundle.ui-testing";
		};
/* End PBXNativeTarget section */

/* Begin PBXProject section */
		184473D92290B7960084F3F4 /* Project object */ = {
			isa = PBXProject;
			attributes = {
				LastSwiftUpdateCheck = 1020;
				LastUpgradeCheck = 1020;
				ORGANIZATIONNAME = "Ana Victoria Frias";
				TargetAttributes = {
					184473E02290B7960084F3F4 = {
						CreatedOnToolsVersion = 10.2.1;
					};
					184473F42290B79A0084F3F4 = {
						CreatedOnToolsVersion = 10.2.1;
						TestTargetID = 184473E02290B7960084F3F4;
					};
					184473FF2290B79A0084F3F4 = {
						CreatedOnToolsVersion = 10.2.1;
						TestTargetID = 184473E02290B7960084F3F4;
					};
				};
			};
			buildConfigurationList = 184473DC2290B7960084F3F4 /* Build configuration list for PBXProject "KgToStones" */;
			compatibilityVersion = "Xcode 9.3";
			developmentRegion = en;
			hasScannedForEncodings = 0;
			knownRegions = (
				en,
				Base,
			);
			mainGroup = 184473D82290B7960084F3F4;
			productRefGroup = 184473E22290B7960084F3F4 /* Products */;
			projectDirPath = "";
			projectRoot = "";
			targets = (
				184473E02290B7960084F3F4 /* KgToStones */,
				184473F42290B79A0084F3F4 /* KgToStonesTests */,
				184473FF2290B79A0084F3F4 /* KgToStonesUITests */,
			);
		};
/* End PBXProject section */

/* Begin PBXResourcesBuildPhase section */
		184473DF2290B7960084F3F4 /* Resources */ = {
			isa = PBXResourcesBuildPhase;
			buildActionMask = 2147483647;
			files = (
				184473EF2290B7990084F3F4 /* LaunchScreen.storyboard in Resources */,
				184473EC2290B7990084F3F4 /* Assets.xcassets in Resources */,
				184473EA2290B7960084F3F4 /* Main.storyboard in Resources */,
			);
			runOnlyForDeploymentPostprocessing = 0;
		};
		184473F32290B79A0084F3F4 /* Resources */ = {
			isa = PBXResourcesBuildPhase;
			buildActionMask = 2147483647;
			files = (
			);
			runOnlyForDeploymentPostprocessing = 0;
		};
		184473FE2290B79A0084F3F4 /* Resources */ = {
			isa = PBXResourcesBuildPhase;
			buildActionMask = 2147483647;
			files = (
			);
			runOnlyForDeploymentPostprocessing = 0;
		};
/* End PBXResourcesBuildPhase section */

/* Begin PBXShellScriptBuildPhase section */
		1EA90DCC0680A6617D7A8A97 /* [CP] Check Pods Manifest.lock */ = {
			isa = PBXShellScriptBuildPhase;
			buildActionMask = 2147483647;
			files = (
			);
			inputFileListPaths = (
			);
			inputPaths = (
				"${PODS_PODFILE_DIR_PATH}/Podfile.lock",
				"${PODS_ROOT}/Manifest.lock",
			);
			name = "[CP] Check Pods Manifest.lock";
			outputFileListPaths = (
			);
			outputPaths = (
				"$(DERIVED_FILE_DIR)/Pods-KgToStones-checkManifestLockResult.txt",
			);
			runOnlyForDeploymentPostprocessing = 0;
			shellPath = /bin/sh;
			shellScript = "diff \"${PODS_PODFILE_DIR_PATH}/Podfile.lock\" \"${PODS_ROOT}/Manifest.lock\" > /dev/null\nif [ $? != 0 ] ; then\n    # print error to STDERR\n    echo \"error: The sandbox is not in sync with the Podfile.lock. Run 'pod install' or update your CocoaPods installation.\" >&2\n    exit 1\nfi\n# This output is used by Xcode 'outputs' to avoid re-running this script phase.\necho \"SUCCESS\" > \"${SCRIPT_OUTPUT_FILE_0}\"\n";
			showEnvVarsInLog = 0;
		};
		606E10E7EC6812652288A499 /* [CP] Embed Pods Frameworks */ = {
			isa = PBXShellScriptBuildPhase;
			buildActionMask = 2147483647;
			files = (
			);
			inputFileListPaths = (
			);
			inputPaths = (
				"${PODS_ROOT}/Target Support Files/Pods-KgToStones/Pods-KgToStones-frameworks.sh",
				"${BUILT_PRODUCTS_DIR}/AFNetworking/AFNetworking.framework",
			);
			name = "[CP] Embed Pods Frameworks";
			outputFileListPaths = (
			);
			outputPaths = (
				"${TARGET_BUILD_DIR}/${FRAMEWORKS_FOLDER_PATH}/AFNetworking.framework",
			);
			runOnlyForDeploymentPostprocessing = 0;
			shellPath = /bin/sh;
			shellScript = "\"${PODS_ROOT}/Target Support Files/Pods-KgToStones/Pods-KgToStones-frameworks.sh\"\n";
			showEnvVarsInLog = 0;
		};
		905EB40C2A3D97797631C0F7 /* [CP] Check Pods Manifest.lock */ = {
			isa = PBXShellScriptBuildPhase;
			buildActionMask = 2147483647;
			files = (
			);
			inputFileListPaths = (
			);
			inputPaths = (
				"${PODS_PODFILE_DIR_PATH}/Podfile.lock",
				"${PODS_ROOT}/Manifest.lock",
			);
			name = "[CP] Check Pods Manifest.lock";
			outputFileListPaths = (
			);
			outputPaths = (
				"$(DERIVED_FILE_DIR)/Pods-KgToStonesUITests-checkManifestLockResult.txt",
			);
			runOnlyForDeploymentPostprocessing = 0;
			shellPath = /bin/sh;
			shellScript = "diff \"${PODS_PODFILE_DIR_PATH}/Podfile.lock\" \"${PODS_ROOT}/Manifest.lock\" > /dev/null\nif [ $? != 0 ] ; then\n    # print error to STDERR\n    echo \"error: The sandbox is not in sync with the Podfile.lock. Run 'pod install' or update your CocoaPods installation.\" >&2\n    exit 1\nfi\n# This output is used by Xcode 'outputs' to avoid re-running this script phase.\necho \"SUCCESS\" > \"${SCRIPT_OUTPUT_FILE_0}\"\n";
			showEnvVarsInLog = 0;
		};
		B8CC0096AD95F306F24073B9 /* [CP] Check Pods Manifest.lock */ = {
			isa = PBXShellScriptBuildPhase;
			buildActionMask = 2147483647;
			files = (
			);
			inputFileListPaths = (
			);
			inputPaths = (
				"${PODS_PODFILE_DIR_PATH}/Podfile.lock",
				"${PODS_ROOT}/Manifest.lock",
			);
			name = "[CP] Check Pods Manifest.lock";
			outputFileListPaths = (
			);
			outputPaths = (
				"$(DERIVED_FILE_DIR)/Pods-KgToStonesTests-checkManifestLockResult.txt",
			);
			runOnlyForDeploymentPostprocessing = 0;
			shellPath = /bin/sh;
			shellScript = "diff \"${PODS_PODFILE_DIR_PATH}/Podfile.lock\" \"${PODS_ROOT}/Manifest.lock\" > /dev/null\nif [ $? != 0 ] ; then\n    # print error to STDERR\n    echo \"error: The sandbox is not in sync with the Podfile.lock. Run 'pod install' or update your CocoaPods installation.\" >&2\n    exit 1\nfi\n# This output is used by Xcode 'outputs' to avoid re-running this script phase.\necho \"SUCCESS\" > \"${SCRIPT_OUTPUT_FILE_0}\"\n";
			showEnvVarsInLog = 0;
		};
/* End PBXShellScriptBuildPhase section */

/* Begin PBXSourcesBuildPhase section */
		184473DD2290B7960084F3F4 /* Sources */ = {
			isa = PBXSourcesBuildPhase;
			buildActionMask = 2147483647;
			files = (
				1844741A2293645B0084F3F4 /* Extensions.swift in Sources */,
				184473E72290B7960084F3F4 /* ViewController.swift in Sources */,
				184474142290C0760084F3F4 /* ConvertWS.swift in Sources */,
				184473E52290B7960084F3F4 /* AppDelegate.swift in Sources */,
				184474182293641D0084F3F4 /* LoadingOverlay.swift in Sources */,
			);
			runOnlyForDeploymentPostprocessing = 0;
		};
		184473F12290B79A0084F3F4 /* Sources */ = {
			isa = PBXSourcesBuildPhase;
			buildActionMask = 2147483647;
			files = (
				184473FA2290B79A0084F3F4 /* KgToStonesTests.swift in Sources */,
			);
			runOnlyForDeploymentPostprocessing = 0;
		};
		184473FC2290B79A0084F3F4 /* Sources */ = {
			isa = PBXSourcesBuildPhase;
			buildActionMask = 2147483647;
			files = (
				184474052290B79A0084F3F4 /* KgToStonesUITests.swift in Sources */,
			);
			runOnlyForDeploymentPostprocessing = 0;
		};
/* End PBXSourcesBuildPhase section */

/* Begin PBXTargetDependency section */
		184473F72290B79A0084F3F4 /* PBXTargetDependency */ = {
			isa = PBXTargetDependency;
			target = 184473E02290B7960084F3F4 /* KgToStones */;
			targetProxy = 184473F62290B79A0084F3F4 /* PBXContainerItemProxy */;
		};
		184474022290B79A0084F3F4 /* PBXTargetDependency */ = {
			isa = PBXTargetDependency;
			target = 184473E02290B7960084F3F4 /* KgToStones */;
			targetProxy = 184474012290B79A0084F3F4 /* PBXContainerItemProxy */;
		};
/* End PBXTargetDependency section */

/* Begin PBXVariantGroup section */
		184473E82290B7960084F3F4 /* Main.storyboard */ = {
			isa = PBXVariantGroup;
			children = (
				184473E92290B7960084F3F4 /* Base */,
			);
			name = Main.storyboard;
			sourceTree = "<group>";
		};
		184473ED2290B7990084F3F4 /* LaunchScreen.storyboard */ = {
			isa = PBXVariantGroup;
			children = (
				184473EE2290B7990084F3F4 /* Base */,
			);
			name = LaunchScreen.storyboard;
			sourceTree = "<group>";
		};
/* End PBXVariantGroup section */

/* Begin XCBuildConfiguration section */
		184474072290B79A0084F3F4 /* Debug */ = {
			isa = XCBuildConfiguration;
			buildSettings = {
				ALWAYS_SEARCH_USER_PATHS = NO;
				CLANG_ANALYZER_NONNULL = YES;
				CLANG_ANALYZER_NUMBER_OBJECT_CONVERSION = YES_AGGRESSIVE;
				CLANG_CXX_LANGUAGE_STANDARD = "gnu++14";
				CLANG_CXX_LIBRARY = "libc++";
				CLANG_ENABLE_MODULES = YES;
				CLANG_ENABLE_OBJC_ARC = YES;
				CLANG_ENABLE_OBJC_WEAK = YES;
				CLANG_WARN_BLOCK_CAPTURE_AUTORELEASING = YES;
				CLANG_WARN_BOOL_CONVERSION = YES;
				CLANG_WARN_COMMA = YES;
				CLANG_WARN_CONSTANT_CONVERSION = YES;
				CLANG_WARN_DEPRECATED_OBJC_IMPLEMENTATIONS = YES;
				CLANG_WARN_DIRECT_OBJC_ISA_USAGE = YES_ERROR;
				CLANG_WARN_DOCUMENTATION_COMMENTS = YES;
				CLANG_WARN_EMPTY_BODY = YES;
				CLANG_WARN_ENUM_CONVERSION = YES;
				CLANG_WARN_INFINITE_RECURSION = YES;
				CLANG_WARN_INT_CONVERSION = YES;
				CLANG_WARN_NON_LITERAL_NULL_CONVERSION = YES;
				CLANG_WARN_OBJC_IMPLICIT_RETAIN_SELF = YES;
				CLANG_WARN_OBJC_LITERAL_CONVERSION = YES;
				CLANG_WARN_OBJC_ROOT_CLASS = YES_ERROR;
				CLANG_WARN_RANGE_LOOP_ANALYSIS = YES;
				CLANG_WARN_STRICT_PROTOTYPES = YES;
				CLANG_WARN_SUSPICIOUS_MOVE = YES;
				CLANG_WARN_UNGUARDED_AVAILABILITY = YES_AGGRESSIVE;
				CLANG_WARN_UNREACHABLE_CODE = YES;
				CLANG_WARN__DUPLICATE_METHOD_MATCH = YES;
				CODE_SIGN_IDENTITY = "iPhone Developer";
				COPY_PHASE_STRIP = NO;
				DEBUG_INFORMATION_FORMAT = dwarf;
				ENABLE_STRICT_OBJC_MSGSEND = YES;
				ENABLE_TESTABILITY = YES;
				GCC_C_LANGUAGE_STANDARD = gnu11;
				GCC_DYNAMIC_NO_PIC = NO;
				GCC_NO_COMMON_BLOCKS = YES;
				GCC_OPTIMIZATION_LEVEL = 0;
				GCC_PREPROCESSOR_DEFINITIONS = (
					"DEBUG=1",
					"$(inherited)",
				);
				GCC_WARN_64_TO_32_BIT_CONVERSION = YES;
				GCC_WARN_ABOUT_RETURN_TYPE = YES_ERROR;
				GCC_WARN_UNDECLARED_SELECTOR = YES;
				GCC_WARN_UNINITIALIZED_AUTOS = YES_AGGRESSIVE;
				GCC_WARN_UNUSED_FUNCTION = YES;
				GCC_WARN_UNUSED_VARIABLE = YES;
				IPHONEOS_DEPLOYMENT_TARGET = 12.2;
				MTL_ENABLE_DEBUG_INFO = INCLUDE_SOURCE;
				MTL_FAST_MATH = YES;
				ONLY_ACTIVE_ARCH = YES;
				SDKROOT = iphoneos;
				SWIFT_ACTIVE_COMPILATION_CONDITIONS = DEBUG;
				SWIFT_OPTIMIZATION_LEVEL = "-Onone";
			};
			name = Debug;
		};
		184474082290B79A0084F3F4 /* Release */ = {
			isa = XCBuildConfiguration;
			buildSettings = {
				ALWAYS_SEARCH_USER_PATHS = NO;
				CLANG_ANALYZER_NONNULL = YES;
				CLANG_ANALYZER_NUMBER_OBJECT_CONVERSION = YES_AGGRESSIVE;
				CLANG_CXX_LANGUAGE_STANDARD = "gnu++14";
				CLANG_CXX_LIBRARY = "libc++";
				CLANG_ENABLE_MODULES = YES;
				CLANG_ENABLE_OBJC_ARC = YES;
				CLANG_ENABLE_OBJC_WEAK = YES;
				CLANG_WARN_BLOCK_CAPTURE_AUTORELEASING = YES;
				CLANG_WARN_BOOL_CONVERSION = YES;
				CLANG_WARN_COMMA = YES;
				CLANG_WARN_CONSTANT_CONVERSION = YES;
				CLANG_WARN_DEPRECATED_OBJC_IMPLEMENTATIONS = YES;
				CLANG_WARN_DIRECT_OBJC_ISA_USAGE = YES_ERROR;
				CLANG_WARN_DOCUMENTATION_COMMENTS = YES;
				CLANG_WARN_EMPTY_BODY = YES;
				CLANG_WARN_ENUM_CONVERSION = YES;
				CLANG_WARN_INFINITE_RECURSION = YES;
				CLANG_WARN_INT_CONVERSION = YES;
				CLANG_WARN_NON_LITERAL_NULL_CONVERSION = YES;
				CLANG_WARN_OBJC_IMPLICIT_RETAIN_SELF = YES;
				CLANG_WARN_OBJC_LITERAL_CONVERSION = YES;
				CLANG_WARN_OBJC_ROOT_CLASS = YES_ERROR;
				CLANG_WARN_RANGE_LOOP_ANALYSIS = YES;
				CLANG_WARN_STRICT_PROTOTYPES = YES;
				CLANG_WARN_SUSPICIOUS_MOVE = YES;
				CLANG_WARN_UNGUARDED_AVAILABILITY = YES_AGGRESSIVE;
				CLANG_WARN_UNREACHABLE_CODE = YES;
				CLANG_WARN__DUPLICATE_METHOD_MATCH = YES;
				CODE_SIGN_IDENTITY = "iPhone Developer";
				COPY_PHASE_STRIP = NO;
				DEBUG_INFORMATION_FORMAT = "dwarf-with-dsym";
				ENABLE_NS_ASSERTIONS = NO;
				ENABLE_STRICT_OBJC_MSGSEND = YES;
				GCC_C_LANGUAGE_STANDARD = gnu11;
				GCC_NO_COMMON_BLOCKS = YES;
				GCC_WARN_64_TO_32_BIT_CONVERSION = YES;
				GCC_WARN_ABOUT_RETURN_TYPE = YES_ERROR;
				GCC_WARN_UNDECLARED_SELECTOR = YES;
				GCC_WARN_UNINITIALIZED_AUTOS = YES_AGGRESSIVE;
				GCC_WARN_UNUSED_FUNCTION = YES;
				GCC_WARN_UNUSED_VARIABLE = YES;
				IPHONEOS_DEPLOYMENT_TARGET = 12.2;
				MTL_ENABLE_DEBUG_INFO = NO;
				MTL_FAST_MATH = YES;
				SDKROOT = iphoneos;
				SWIFT_COMPILATION_MODE = wholemodule;
				SWIFT_OPTIMIZATION_LEVEL = "-O";
				VALIDATE_PRODUCT = YES;
			};
			name = Release;
		};
		1844740A2290B79A0084F3F4 /* Debug */ = {
			isa = XCBuildConfiguration;
			baseConfigurationReference = 246DEDDC55A354973443B00B /* Pods-KgToStones.debug.xcconfig */;
			buildSettings = {
				ASSETCATALOG_COMPILER_APPICON_NAME = AppIcon;
				CODE_SIGN_STYLE = Automatic;
				DEVELOPMENT_TEAM = BB3J2552AH;
				INFOPLIST_FILE = KgToStones/Info.plist;
				LD_RUNPATH_SEARCH_PATHS = (
					"$(inherited)",
					"@executable_path/Frameworks",
				);
				PRODUCT_BUNDLE_IDENTIFIER = com.anafrias.KgToStones;
				PRODUCT_NAME = "$(TARGET_NAME)";
				SWIFT_VERSION = 5.0;
				TARGETED_DEVICE_FAMILY = 1;
			};
			name = Debug;
		};
		1844740B2290B79A0084F3F4 /* Release */ = {
			isa = XCBuildConfiguration;
			baseConfigurationReference = 9C88DC82532568C1685EAFC1 /* Pods-KgToStones.release.xcconfig */;
			buildSettings = {
				ASSETCATALOG_COMPILER_APPICON_NAME = AppIcon;
				CODE_SIGN_STYLE = Automatic;
				DEVELOPMENT_TEAM = BB3J2552AH;
				INFOPLIST_FILE = KgToStones/Info.plist;
				LD_RUNPATH_SEARCH_PATHS = (
					"$(inherited)",
					"@executable_path/Frameworks",
				);
				PRODUCT_BUNDLE_IDENTIFIER = com.anafrias.KgToStones;
				PRODUCT_NAME = "$(TARGET_NAME)";
				SWIFT_VERSION = 5.0;
				TARGETED_DEVICE_FAMILY = 1;
			};
			name = Release;
		};
		1844740D2290B79A0084F3F4 /* Debug */ = {
			isa = XCBuildConfiguration;
			baseConfigurationReference = 47D3F6922AE21A463C1D5A4C /* Pods-KgToStonesTests.debug.xcconfig */;
			buildSettings = {
				ALWAYS_EMBED_SWIFT_STANDARD_LIBRARIES = YES;
				BUNDLE_LOADER = "$(TEST_HOST)";
				CODE_SIGN_STYLE = Automatic;
				DEVELOPMENT_TEAM = BB3J2552AH;
				INFOPLIST_FILE = KgToStonesTests/Info.plist;
				LD_RUNPATH_SEARCH_PATHS = (
					"$(inherited)",
					"@executable_path/Frameworks",
					"@loader_path/Frameworks",
				);
				PRODUCT_BUNDLE_IDENTIFIER = com.anafrias.KgToStonesTests;
				PRODUCT_NAME = "$(TARGET_NAME)";
				SWIFT_VERSION = 5.0;
				TARGETED_DEVICE_FAMILY = "1,2";
				TEST_HOST = "$(BUILT_PRODUCTS_DIR)/KgToStones.app/KgToStones";
			};
			name = Debug;
		};
		1844740E2290B79A0084F3F4 /* Release */ = {
			isa = XCBuildConfiguration;
			baseConfigurationReference = 2F54F796F6C839B06200F9C4 /* Pods-KgToStonesTests.release.xcconfig */;
			buildSettings = {
				ALWAYS_EMBED_SWIFT_STANDARD_LIBRARIES = YES;
				BUNDLE_LOADER = "$(TEST_HOST)";
				CODE_SIGN_STYLE = Automatic;
				DEVELOPMENT_TEAM = BB3J2552AH;
				INFOPLIST_FILE = KgToStonesTests/Info.plist;
				LD_RUNPATH_SEARCH_PATHS = (
					"$(inherited)",
					"@executable_path/Frameworks",
					"@loader_path/Frameworks",
				);
				PRODUCT_BUNDLE_IDENTIFIER = com.anafrias.KgToStonesTests;
				PRODUCT_NAME = "$(TARGET_NAME)";
				SWIFT_VERSION = 5.0;
				TARGETED_DEVICE_FAMILY = "1,2";
				TEST_HOST = "$(BUILT_PRODUCTS_DIR)/KgToStones.app/KgToStones";
			};
			name = Release;
		};
		184474102290B79A0084F3F4 /* Debug */ = {
			isa = XCBuildConfiguration;
			baseConfigurationReference = 47B44677268FD225A66BA127 /* Pods-KgToStonesUITests.debug.xcconfig */;
			buildSettings = {
				ALWAYS_EMBED_SWIFT_STANDARD_LIBRARIES = YES;
				CODE_SIGN_STYLE = Automatic;
				DEVELOPMENT_TEAM = BB3J2552AH;
				INFOPLIST_FILE = KgToStonesUITests/Info.plist;
				LD_RUNPATH_SEARCH_PATHS = (
					"$(inherited)",
					"@executable_path/Frameworks",
					"@loader_path/Frameworks",
				);
				PRODUCT_BUNDLE_IDENTIFIER = com.anafrias.KgToStonesUITests;
				PRODUCT_NAME = "$(TARGET_NAME)";
				SWIFT_VERSION = 5.0;
				TARGETED_DEVICE_FAMILY = "1,2";
				TEST_TARGET_NAME = KgToStones;
			};
			name = Debug;
		};
		184474112290B79A0084F3F4 /* Release */ = {
			isa = XCBuildConfiguration;
			baseConfigurationReference = 073F26F4189E31A248CE2CCF /* Pods-KgToStonesUITests.release.xcconfig */;
			buildSettings = {
				ALWAYS_EMBED_SWIFT_STANDARD_LIBRARIES = YES;
				CODE_SIGN_STYLE = Automatic;
				DEVELOPMENT_TEAM = BB3J2552AH;
				INFOPLIST_FILE = KgToStonesUITests/Info.plist;
				LD_RUNPATH_SEARCH_PATHS = (
					"$(inherited)",
					"@executable_path/Frameworks",
					"@loader_path/Frameworks",
				);
				PRODUCT_BUNDLE_IDENTIFIER = com.anafrias.KgToStonesUITests;
				PRODUCT_NAME = "$(TARGET_NAME)";
				SWIFT_VERSION = 5.0;
				TARGETED_DEVICE_FAMILY = "1,2";
				TEST_TARGET_NAME = KgToStones;
			};
			name = Release;
		};
/* End XCBuildConfiguration section */

/* Begin XCConfigurationList section */
		184473DC2290B7960084F3F4 /* Build configuration list for PBXProject "KgToStones" */ = {
			isa = XCConfigurationList;
			buildConfigurations = (
				184474072290B79A0084F3F4 /* Debug */,
				184474082290B79A0084F3F4 /* Release */,
			);
			defaultConfigurationIsVisible = 0;
			defaultConfigurationName = Release;
		};
		184474092290B79A0084F3F4 /* Build configuration list for PBXNativeTarget "KgToStones" */ = {
			isa = XCConfigurationList;
			buildConfigurations = (
				1844740A2290B79A0084F3F4 /* Debug */,
				1844740B2290B79A0084F3F4 /* Release */,
			);
			defaultConfigurationIsVisible = 0;
			defaultConfigurationName = Release;
		};
		1844740C2290B79A0084F3F4 /* Build configuration list for PBXNativeTarget "KgToStonesTests" */ = {
			isa = XCConfigurationList;
			buildConfigurations = (
				1844740D2290B79A0084F3F4 /* Debug */,
				1844740E2290B79A0084F3F4 /* Release */,
			);
			defaultConfigurationIsVisible = 0;
			defaultConfigurationName = Release;
		};
		1844740F2290B79A0084F3F4 /* Build configuration list for PBXNativeTarget "KgToStonesUITests" */ = {
			isa = XCConfigurationList;
			buildConfigurations = (
				184474102290B79A0084F3F4 /* Debug */,
				184474112290B79A0084F3F4 /* Release */,
			);
			defaultConfigurationIsVisible = 0;
			defaultConfigurationName = Release;
		};
/* End XCConfigurationList section */
	};
	rootObject = 184473D92290B7960084F3F4 /* Project object */;
}
